
Microsoft Visual Studio Solution File, Format Version 12.00
# Visual Studio Version 17
VisualStudioVersion = 17.4.33213.308
MinimumVisualStudioVersion = 10.0.40219.1
Project("{FAE04EC0-301F-11D3-BF4B-00C04F79EFBC}") = "QmsApi", "QmsApi\QmsApi.csproj", "{943D656C-E895-409E-B99B-060852BFA1BD}"
EndProject
Project("{FAE04EC0-301F-11D3-BF4B-00C04F79EFBC}") = "QmsDAL", "QmsDAL\QmsDAL.csproj", "{B623B136-C9DF-4266-8607-64A36744CD9C}"
EndProject
Project("{FAE04EC0-301F-11D3-BF4B-00C04F79EFBC}") = "QmsRepository", "QmsRepository\QmsRepository.csproj", "{0335432C-8317-4756-9CC3-06A724F2DF33}"
EndProject
Global
	GlobalSection(SolutionConfigurationPlatforms) = preSolution
		Debug|Any CPU = Debug|Any CPU
		Release|Any CPU = Release|Any CPU
	EndGlobalSection
	GlobalSection(ProjectConfigurationPlatforms) = postSolution
		{943D656C-E895-409E-B99B-060852BFA1BD}.Debug|Any CPU.ActiveCfg = Debug|Any CPU
		{943D656C-E895-409E-B99B-060852BFA1BD}.Debug|Any CPU.Build.0 = Debug|Any CPU
		{943D656C-E895-409E-B99B-060852BFA1BD}.Release|Any CPU.ActiveCfg = Release|Any CPU
		{943D656C-E895-409E-B99B-060852BFA1BD}.Release|Any CPU.Build.0 = Release|Any CPU
		{B623B136-C9DF-4266-8607-64A36744CD9C}.Debug|Any CPU.ActiveCfg = Debug|Any CPU
		{B623B136-C9DF-4266-8607-64A36744CD9C}.Debug|Any CPU.Build.0 = Debug|Any CPU
		{B623B136-C9DF-4266-8607-64A36744CD9C}.Release|Any CPU.ActiveCfg = Release|Any CPU
		{B623B136-C9DF-4266-8607-64A36744CD9C}.Release|Any CPU.Build.0 = Release|Any CPU
		{0335432C-8317-4756-9CC3-06A724F2DF33}.Debug|Any CPU.ActiveCfg = Debug|Any CPU
		{0335432C-8317-4756-9CC3-06A724F2DF33}.Debug|Any CPU.Build.0 = Debug|Any CPU
		{0335432C-8317-4756-9CC3-06A724F2DF33}.Release|Any CPU.ActiveCfg = Release|Any CPU
		{0335432C-8317-4756-9CC3-06A724F2DF33}.Release|Any CPU.Build.0 = Release|Any CPU
	EndGlobalSection
	GlobalSection(SolutionProperties) = preSolution
		HideSolutionNode = FALSE
	EndGlobalSection
	GlobalSection(ExtensibilityGlobals) = postSolution
		SolutionGuid = {F2075ED8-8C09-4F06-9D2C-1AA30FEA8C5C}
	EndGlobalSection
EndGlobal
